// !$*UTF8*$!
{
	archiveVersion = 1;
	classes = {
	};
	objectVersion = 50;
	objects = {

/* Begin PBXBuildFile section */
		00FA0CCF26D7D54F00B5DA7F /* ListViewController.swift in Sources */ = {isa = PBXBuildFile; fileRef = 00FA0CCE26D7D54F00B5DA7F /* ListViewController.swift */; };
		70D3070226D6CAFA00A8BB79 /* AppDelegate.swift in Sources */ = {isa = PBXBuildFile; fileRef = 70D3070126D6CAFA00A8BB79 /* AppDelegate.swift */; };
		70D3070426D6CAFA00A8BB79 /* SceneDelegate.swift in Sources */ = {isa = PBXBuildFile; fileRef = 70D3070326D6CAFA00A8BB79 /* SceneDelegate.swift */; };
		70D3070626D6CAFA00A8BB79 /* ViewController.swift in Sources */ = {isa = PBXBuildFile; fileRef = 70D3070526D6CAFA00A8BB79 /* ViewController.swift */; };
		70D3070926D6CAFA00A8BB79 /* Main.storyboard in Resources */ = {isa = PBXBuildFile; fileRef = 70D3070726D6CAFA00A8BB79 /* Main.storyboard */; };
		70D3070C26D6CAFA00A8BB79 /* MapBook.xcdatamodeld in Sources */ = {isa = PBXBuildFile; fileRef = 70D3070A26D6CAFA00A8BB79 /* MapBook.xcdatamodeld */; };
		70D3070E26D6CAFB00A8BB79 /* Assets.xcassets in Resources */ = {isa = PBXBuildFile; fileRef = 70D3070D26D6CAFB00A8BB79 /* Assets.xcassets */; };
		70D3071126D6CAFB00A8BB79 /* LaunchScreen.storyboard in Resources */ = {isa = PBXBuildFile; fileRef = 70D3070F26D6CAFB00A8BB79 /* LaunchScreen.storyboard */; };
/* End PBXBuildFile section */

/* Begin PBXFileReference section */
		00FA0CCE26D7D54F00B5DA7F /* ListViewController.swift */ = {isa = PBXFileReference; lastKnownFileType = sourcecode.swift; path = ListViewController.swift; sourceTree = "<group>"; };
		70D306FE26D6CAFA00A8BB79 /* MapBook.app */ = {isa = PBXFileReference; explicitFileType = wrapper.application; includeInIndex = 0; path = MapBook.app; sourceTree = BUILT_PRODUCTS_DIR; };
		70D3070126D6CAFA00A8BB79 /* AppDelegate.swift */ = {isa = PBXFileReference; lastKnownFileType = sourcecode.swift; path = AppDelegate.swift; sourceTree = "<group>"; };
		70D3070326D6CAFA00A8BB79 /* SceneDelegate.swift */ = {isa = PBXFileReference; lastKnownFileType = sourcecode.swift; path = SceneDelegate.swift; sourceTree = "<group>"; };
		70D3070526D6CAFA00A8BB79 /* ViewController.swift */ = {isa = PBXFileReference; lastKnownFileType = sourcecode.swift; path = ViewController.swift; sourceTree = "<group>"; };
		70D3070826D6CAFA00A8BB79 /* Base */ = {isa = PBXFileReference; lastKnownFileType = file.storyboard; name = Base; path = Base.lproj/Main.storyboard; sourceTree = "<group>"; };
		70D3070B26D6CAFA00A8BB79 /* MapBook.xcdatamodel */ = {isa = PBXFileReference; lastKnownFileType = wrapper.xcdatamodel; path = MapBook.xcdatamodel; sourceTree = "<group>"; };
		70D3070D26D6CAFB00A8BB79 /* Assets.xcassets */ = {isa = PBXFileReference; lastKnownFileType = folder.assetcatalog; path = Assets.xcassets; sourceTree = "<group>"; };
		70D3071026D6CAFB00A8BB79 /* Base */ = {isa = PBXFileReference; lastKnownFileType = file.storyboard; name = Base; path = Base.lproj/LaunchScreen.storyboard; sourceTree = "<group>"; };
		70D3071226D6CAFB00A8BB79 /* Info.plist */ = {isa = PBXFileReference; lastKnownFileType = text.plist.xml; path = Info.plist; sourceTree = "<group>"; };
/* End PBXFileReference section */

/* Begin PBXFrameworksBuildPhase section */
		70D306FB26D6CAFA00A8BB79 /* Frameworks */ = {
			isa = PBXFrameworksBuildPhase;
			buildActionMask = 2147483647;
			files = (
			);
			runOnlyForDeploymentPostprocessing = 0;
		};
/* End PBXFrameworksBuildPhase section */

/* Begin PBXGroup section */
		70D306F526D6CAFA00A8BB79 = {
			isa = PBXGroup;
			children = (
				70D3070026D6CAFA00A8BB79 /* MapBook */,
				70D306FF26D6CAFA00A8BB79 /* Products */,
			);
			sourceTree = "<group>";
		};
		70D306FF26D6CAFA00A8BB79 /* Products */ = {
			isa = PBXGroup;
			children = (
				70D306FE26D6CAFA00A8BB79 /* MapBook.app */,
			);
			name = Products;
			sourceTree = "<group>";
		};
		70D3070026D6CAFA00A8BB79 /* MapBook */ = {
			isa = PBXGroup;
			children = (
				70D3070126D6CAFA00A8BB79 /* AppDelegate.swift */,
				70D3070326D6CAFA00A8BB79 /* SceneDelegate.swift */,
				70D3070526D6CAFA00A8BB79 /* ViewController.swift */,
				70D3070726D6CAFA00A8BB79 /* Main.storyboard */,
				70D3070D26D6CAFB00A8BB79 /* Assets.xcassets */,
				70D3070F26D6CAFB00A8BB79 /* LaunchScreen.storyboard */,
				70D3071226D6CAFB00A8BB79 /* Info.plist */,
				70D3070A26D6CAFA00A8BB79 /* MapBook.xcdatamodeld */,
				00FA0CCE26D7D54F00B5DA7F /* ListViewController.swift */,
			);
			path = MapBook;
			sourceTree = "<group>";
		};
/* End PBXGroup section */

/* Begin PBXNativeTarget section */
		70D306FD26D6CAFA00A8BB79 /* MapBook */ = {
			isa = PBXNativeTarget;
			buildConfigurationList = 70D3071526D6CAFB00A8BB79 /* Build configuration list for PBXNativeTarget "MapBook" */;
			buildPhases = (
				70D306FA26D6CAFA00A8BB79 /* Sources */,
				70D306FB26D6CAFA00A8BB79 /* Frameworks */,
				70D306FC26D6CAFA00A8BB79 /* Resources */,
			);
			buildRules = (
			);
			dependencies = (
			);
			name = MapBook;
			productName = MapBook;
			productReference = 70D306FE26D6CAFA00A8BB79 /* MapBook.app */;
			productType = "com.apple.product-type.application";
		};
/* End PBXNativeTarget section */

/* Begin PBXProject section */
		70D306F626D6CAFA00A8BB79 /* Project object */ = {
			isa = PBXProject;
			attributes = {
				LastSwiftUpdateCheck = 1250;
				LastUpgradeCheck = 1250;
				TargetAttributes = {
					70D306FD26D6CAFA00A8BB79 = {
						CreatedOnToolsVersion = 12.5.1;
					};
				};
			};
			buildConfigurationList = 70D306F926D6CAFA00A8BB79 /* Build configuration list for PBXProject "MapBook" */;
			compatibilityVersion = "Xcode 9.3";
			developmentRegion = en;
			hasScannedForEncodings = 0;
			knownRegions = (
				en,
				Base,
			);
			mainGroup = 70D306F526D6CAFA00A8BB79;
			productRefGroup = 70D306FF26D6CAFA00A8BB79 /* Products */;
			projectDirPath = "";
			projectRoot = "";
			targets = (
				70D306FD26D6CAFA00A8BB79 /* MapBook */,
			);
		};
/* End PBXProject section */

/* Begin PBXResourcesBuildPhase section */
		70D306FC26D6CAFA00A8BB79 /* Resources */ = {
			isa = PBXResourcesBuildPhase;
			buildActionMask = 2147483647;
			files = (
				70D3071126D6CAFB00A8BB79 /* LaunchScreen.storyboard in Resources */,
				70D3070E26D6CAFB00A8BB79 /* Assets.xcassets in Resources */,
				70D3070926D6CAFA00A8BB79 /* Main.storyboard in Resources */,
			);
			runOnlyForDeploymentPostprocessing = 0;
		};
/* End PBXResourcesBuildPhase section */

/* Begin PBXSourcesBuildPhase section */
		70D306FA26D6CAFA00A8BB79 /* Sources */ = {
			isa = PBXSourcesBuildPhase;
			buildActionMask = 2147483647;
			files = (
				70D3070626D6CAFA00A8BB79 /* ViewController.swift in Sources */,
				70D3070C26D6CAFA00A8BB79 /* MapBook.xcdatamodeld in Sources */,
				70D3070226D6CAFA00A8BB79 /* AppDelegate.swift in Sources */,
				00FA0CCF26D7D54F00B5DA7F /* ListViewController.swift in Sources */,
				70D3070426D6CAFA00A8BB79 /* SceneDelegate.swift in Sources */,
			);
			runOnlyForDeploymentPostprocessing = 0;
		};
/* End PBXSourcesBuildPhase section */

/* Begin PBXVariantGroup section */
		70D3070726D6CAFA00A8BB79 /* Main.storyboard */ = {
			isa = PBXVariantGroup;
			children = (
				70D3070826D6CAFA00A8BB79 /* Base */,
			);
			name = Main.storyboard;
			sourceTree = "<group>";
		};
		70D3070F26D6CAFB00A8BB79 /* LaunchScreen.storyboard */ = {
			isa = PBXVariantGroup;
			children = (
				70D3071026D6CAFB00A8BB79 /* Base */,
			);
			name = LaunchScreen.storyboard;
			sourceTree = "<group>";
		};
/* End PBXVariantGroup section */

/* Begin XCBuildConfiguration section */
		70D3071326D6CAFB00A8BB79 /* Debug */ = {
			isa = XCBuildConfiguration;
			buildSettings = {
				ALWAYS_SEARCH_USER_PATHS = NO;
				CLANG_ANALYZER_NONNULL = YES;
				CLANG_ANALYZER_NUMBER_OBJECT_CONVERSION = YES_AGGRESSIVE;
				CLANG_CXX_LANGUAGE_STANDARD = "gnu++14";
				CLANG_CXX_LIBRARY = "libc++";
				CLANG_ENABLE_MODULES = YES;
				CLANG_ENABLE_OBJC_ARC = YES;
				CLANG_ENABLE_OBJC_WEAK = YES;
				CLANG_WARN_BLOCK_CAPTURE_AUTORELEASING = YES;
				CLANG_WARN_BOOL_CONVERSION = YES;
				CLANG_WARN_COMMA = YES;
				CLANG_WARN_CONSTANT_CONVERSION = YES;
				CLANG_WARN_DEPRECATED_OBJC_IMPLEMENTATIONS = YES;
				CLANG_WARN_DIRECT_OBJC_ISA_USAGE = YES_ERROR;
				CLANG_WARN_DOCUMENTATION_COMMENTS = YES;
				CLANG_WARN_EMPTY_BODY = YES;
				CLANG_WARN_ENUM_CONVERSION = YES;
				CLANG_WARN_INFINITE_RECURSION = YES;
				CLANG_WARN_INT_CONVERSION = YES;
				CLANG_WARN_NON_LITERAL_NULL_CONVERSION = YES;
				CLANG_WARN_OBJC_IMPLICIT_RETAIN_SELF = YES;
				CLANG_WARN_OBJC_LITERAL_CONVERSION = YES;
				CLANG_WARN_OBJC_ROOT_CLASS = YES_ERROR;
				CLANG_WARN_QUOTED_INCLUDE_IN_FRAMEWORK_HEADER = YES;
				CLANG_WARN_RANGE_LOOP_ANALYSIS = YES;
				CLANG_WARN_STRICT_PROTOTYPES = YES;
				CLANG_WARN_SUSPICIOUS_MOVE = YES;
				CLANG_WARN_UNGUARDED_AVAILABILITY = YES_AGGRESSIVE;
				CLANG_WARN_UNREACHABLE_CODE = YES;
				CLANG_WARN__DUPLICATE_METHOD_MATCH = YES;
				COPY_PHASE_STRIP = NO;
				DEBUG_INFORMATION_FORMAT = dwarf;
				ENABLE_STRICT_OBJC_MSGSEND = YES;
				ENABLE_TESTABILITY = YES;
				GCC_C_LANGUAGE_STANDARD = gnu11;
				GCC_DYNAMIC_NO_PIC = NO;
				GCC_NO_COMMON_BLOCKS = YES;
				GCC_OPTIMIZATION_LEVEL = 0;
				GCC_PREPROCESSOR_DEFINITIONS = (
					"DEBUG=1",
					"$(inherited)",
				);
				GCC_WARN_64_TO_32_BIT_CONVERSION = YES;
				GCC_WARN_ABOUT_RETURN_TYPE = YES_ERROR;
				GCC_WARN_UNDECLARED_SELECTOR = YES;
				GCC_WARN_UNINITIALIZED_AUTOS = YES_AGGRESSIVE;
				GCC_WARN_UNUSED_FUNCTION = YES;
				GCC_WARN_UNUSED_VARIABLE = YES;
				IPHONEOS_DEPLOYMENT_TARGET = 14.5;
				MTL_ENABLE_DEBUG_INFO = INCLUDE_SOURCE;
				MTL_FAST_MATH = YES;
				ONLY_ACTIVE_ARCH = YES;
				SDKROOT = iphoneos;
				SWIFT_ACTIVE_COMPILATION_CONDITIONS = DEBUG;
				SWIFT_OPTIMIZATION_LEVEL = "-Onone";
			};
			name = Debug;
		};
		70D3071426D6CAFB00A8BB79 /* Release */ = {
			isa = XCBuildConfiguration;
			buildSettings = {
				ALWAYS_SEARCH_USER_PATHS = NO;
				CLANG_ANALYZER_NONNULL = YES;
				CLANG_ANALYZER_NUMBER_OBJECT_CONVERSION = YES_AGGRESSIVE;
				CLANG_CXX_LANGUAGE_STANDARD = "gnu++14";
				CLANG_CXX_LIBRARY = "libc++";
				CLANG_ENABLE_MODULES = YES;
				CLANG_ENABLE_OBJC_ARC = YES;
				CLANG_ENABLE_OBJC_WEAK = YES;
				CLANG_WARN_BLOCK_CAPTURE_AUTORELEASING = YES;
				CLANG_WARN_BOOL_CONVERSION = YES;
				CLANG_WARN_COMMA = YES;
				CLANG_WARN_CONSTANT_CONVERSION = YES;
				CLANG_WARN_DEPRECATED_OBJC_IMPLEMENTATIONS = YES;
				CLANG_WARN_DIRECT_OBJC_ISA_USAGE = YES_ERROR;
				CLANG_WARN_DOCUMENTATION_COMMENTS = YES;
				CLANG_WARN_EMPTY_BODY = YES;
				CLANG_WARN_ENUM_CONVERSION = YES;
				CLANG_WARN_INFINITE_RECURSION = YES;
				CLANG_WARN_INT_CONVERSION = YES;
				CLANG_WARN_NON_LITERAL_NULL_CONVERSION = YES;
				CLANG_WARN_OBJC_IMPLICIT_RETAIN_SELF = YES;
				CLANG_WARN_OBJC_LITERAL_CONVERSION = YES;
				CLANG_WARN_OBJC_ROOT_CLASS = YES_ERROR;
				CLANG_WARN_QUOTED_INCLUDE_IN_FRAMEWORK_HEADER = YES;
				CLANG_WARN_RANGE_LOOP_ANALYSIS = YES;
				CLANG_WARN_STRICT_PROTOTYPES = YES;
				CLANG_WARN_SUSPICIOUS_MOVE = YES;
				CLANG_WARN_UNGUARDED_AVAILABILITY = YES_AGGRESSIVE;
				CLANG_WARN_UNREACHABLE_CODE = YES;
				CLANG_WARN__DUPLICATE_METHOD_MATCH = YES;
				COPY_PHASE_STRIP = NO;
				DEBUG_INFORMATION_FORMAT = "dwarf-with-dsym";
				ENABLE_NS_ASSERTIONS = NO;
				ENABLE_STRICT_OBJC_MSGSEND = YES;
				GCC_C_LANGUAGE_STANDARD = gnu11;
				GCC_NO_COMMON_BLOCKS = YES;
				GCC_WARN_64_TO_32_BIT_CONVERSION = YES;
				GCC_WARN_ABOUT_RETURN_TYPE = YES_ERROR;
				GCC_WARN_UNDECLARED_SELECTOR = YES;
				GCC_WARN_UNINITIALIZED_AUTOS = YES_AGGRESSIVE;
				GCC_WARN_UNUSED_FUNCTION = YES;
				GCC_WARN_UNUSED_VARIABLE = YES;
				IPHONEOS_DEPLOYMENT_TARGET = 14.5;
				MTL_ENABLE_DEBUG_INFO = NO;
				MTL_FAST_MATH = YES;
				SDKROOT = iphoneos;
				SWIFT_COMPILATION_MODE = wholemodule;
				SWIFT_OPTIMIZATION_LEVEL = "-O";
				VALIDATE_PRODUCT = YES;
			};
			name = Release;
		};
		70D3071626D6CAFB00A8BB79 /* Debug */ = {
			isa = XCBuildConfiguration;
			buildSettings = {
				ASSETCATALOG_COMPILER_APPICON_NAME = AppIcon;
				ASSETCATALOG_COMPILER_GLOBAL_ACCENT_COLOR_NAME = AccentColor;
				CODE_SIGN_STYLE = Automatic;
				DEVELOPMENT_TEAM = ZN8YM922DK;
				INFOPLIST_FILE = MapBook/Info.plist;
				LD_RUNPATH_SEARCH_PATHS = (
					"$(inherited)",
					"@executable_path/Frameworks",
				);
				PRODUCT_BUNDLE_IDENTIFIER = com.test.MapBook;
				PRODUCT_NAME = "$(TARGET_NAME)";
				SWIFT_VERSION = 5.0;
				TARGETED_DEVICE_FAMILY = "1,2";
			};
			name = Debug;
		};
		70D3071726D6CAFB00A8BB79 /* Release */ = {
			isa = XCBuildConfiguration;
			buildSettings = {
				ASSETCATALOG_COMPILER_APPICON_NAME = AppIcon;
				ASSETCATALOG_COMPILER_GLOBAL_ACCENT_COLOR_NAME = AccentColor;
				CODE_SIGN_STYLE = Automatic;
				DEVELOPMENT_TEAM = ZN8YM922DK;
				INFOPLIST_FILE = MapBook/Info.plist;
				LD_RUNPATH_SEARCH_PATHS = (
					"$(inherited)",
					"@executable_path/Frameworks",
				);
				PRODUCT_BUNDLE_IDENTIFIER = com.test.MapBook;
				PRODUCT_NAME = "$(TARGET_NAME)";
				SWIFT_VERSION = 5.0;
				TARGETED_DEVICE_FAMILY = "1,2";
			};
			name = Release;
		};
/* End XCBuildConfiguration section */

/* Begin XCConfigurationList section */
		70D306F926D6CAFA00A8BB79 /* Build configuration list for PBXProject "MapBook" */ = {
			isa = XCConfigurationList;
			buildConfigurations = (
				70D3071326D6CAFB00A8BB79 /* Debug */,
				70D3071426D6CAFB00A8BB79 /* Release */,
			);
			defaultConfigurationIsVisible = 0;
			defaultConfigurationName = Release;
		};
		70D3071526D6CAFB00A8BB79 /* Build configuration list for PBXNativeTarget "MapBook" */ = {
			isa = XCConfigurationList;
			buildConfigurations = (
				70D3071626D6CAFB00A8BB79 /* Debug */,
				70D3071726D6CAFB00A8BB79 /* Release */,
			);
			defaultConfigurationIsVisible = 0;
			defaultConfigurationName = Release;
		};
/* End XCConfigurationList section */

/* Begin XCVersionGroup section */
		70D3070A26D6CAFA00A8BB79 /* MapBook.xcdatamodeld */ = {
			isa = XCVersionGroup;
			children = (
				70D3070B26D6CAFA00A8BB79 /* MapBook.xcdatamodel */,
			);
			currentVersion = 70D3070B26D6CAFA00A8BB79 /* MapBook.xcdatamodel */;
			path = MapBook.xcdatamodeld;
			sourceTree = "<group>";
			versionGroupType = wrapper.xcdatamodel;
		};
/* End XCVersionGroup section */
	};
	rootObject = 70D306F626D6CAFA00A8BB79 /* Project object */;
}
